
Microsoft Visual Studio Solution File, Format Version 12.00
# Visual Studio 14
VisualStudioVersion = 14.0.25420.1
MinimumVisualStudioVersion = 10.0.40219.1
Project("{FAE04EC0-301F-11D3-BF4B-00C04F79EFBC}") = "Galagramm", "Galagramm\Galagramm.csproj", "{DB7BF97B-9A28-4A74-A4AB-87E8A8032D82}"
EndProject
Project("{FAE04EC0-301F-11D3-BF4B-00C04F79EFBC}") = "Windows User Control", "User Control Library\Windows User Control.csproj", "{CA56333D-06B3-4E6F-919C-22B9CD0D20A7}"
EndProject
Project("{FAE04EC0-301F-11D3-BF4B-00C04F79EFBC}") = "DataControl", "DataControl\DataControl.csproj", "{0E244759-AF72-45AF-AC25-E7B2E5266FB9}"
EndProject
Project("{FAE04EC0-301F-11D3-BF4B-00C04F79EFBC}") = "UserControl", "UserControl\UserControl.csproj", "{A42CC300-2DC7-41B0-BD35-9FC07DA3E553}"
EndProject
Project("{FAE04EC0-301F-11D3-BF4B-00C04F79EFBC}") = "InstancesLibrary", "InstancesLibrary\InstancesLibrary.csproj", "{E35ADC7B-52B1-4F57-81BF-7BEFC9DF5FD0}"
EndProject
Project("{FAE04EC0-301F-11D3-BF4B-00C04F79EFBC}") = "Test", "Test\Test.csproj", "{1765D889-8D49-4102-A8D1-F83675CF6086}"
EndProject
Global
	GlobalSection(SolutionConfigurationPlatforms) = preSolution
		Debug|Any CPU = Debug|Any CPU
		Release|Any CPU = Release|Any CPU
	EndGlobalSection
	GlobalSection(ProjectConfigurationPlatforms) = postSolution
		{DB7BF97B-9A28-4A74-A4AB-87E8A8032D82}.Debug|Any CPU.ActiveCfg = Debug|Any CPU
		{DB7BF97B-9A28-4A74-A4AB-87E8A8032D82}.Debug|Any CPU.Build.0 = Debug|Any CPU
		{DB7BF97B-9A28-4A74-A4AB-87E8A8032D82}.Release|Any CPU.ActiveCfg = Release|Any CPU
		{DB7BF97B-9A28-4A74-A4AB-87E8A8032D82}.Release|Any CPU.Build.0 = Release|Any CPU
		{CA56333D-06B3-4E6F-919C-22B9CD0D20A7}.Debug|Any CPU.ActiveCfg = Debug|Any CPU
		{CA56333D-06B3-4E6F-919C-22B9CD0D20A7}.Debug|Any CPU.Build.0 = Debug|Any CPU
		{CA56333D-06B3-4E6F-919C-22B9CD0D20A7}.Release|Any CPU.ActiveCfg = Release|Any CPU
		{CA56333D-06B3-4E6F-919C-22B9CD0D20A7}.Release|Any CPU.Build.0 = Release|Any CPU
		{0E244759-AF72-45AF-AC25-E7B2E5266FB9}.Debug|Any CPU.ActiveCfg = Debug|Any CPU
		{0E244759-AF72-45AF-AC25-E7B2E5266FB9}.Debug|Any CPU.Build.0 = Debug|Any CPU
		{0E244759-AF72-45AF-AC25-E7B2E5266FB9}.Release|Any CPU.ActiveCfg = Release|Any CPU
		{0E244759-AF72-45AF-AC25-E7B2E5266FB9}.Release|Any CPU.Build.0 = Release|Any CPU
		{A42CC300-2DC7-41B0-BD35-9FC07DA3E553}.Debug|Any CPU.ActiveCfg = Debug|Any CPU
		{A42CC300-2DC7-41B0-BD35-9FC07DA3E553}.Debug|Any CPU.Build.0 = Debug|Any CPU
		{A42CC300-2DC7-41B0-BD35-9FC07DA3E553}.Release|Any CPU.ActiveCfg = Release|Any CPU
		{A42CC300-2DC7-41B0-BD35-9FC07DA3E553}.Release|Any CPU.Build.0 = Release|Any CPU
		{E35ADC7B-52B1-4F57-81BF-7BEFC9DF5FD0}.Debug|Any CPU.ActiveCfg = Debug|Any CPU
		{E35ADC7B-52B1-4F57-81BF-7BEFC9DF5FD0}.Debug|Any CPU.Build.0 = Debug|Any CPU
		{E35ADC7B-52B1-4F57-81BF-7BEFC9DF5FD0}.Release|Any CPU.ActiveCfg = Release|Any CPU
		{E35ADC7B-52B1-4F57-81BF-7BEFC9DF5FD0}.Release|Any CPU.Build.0 = Release|Any CPU
		{1765D889-8D49-4102-A8D1-F83675CF6086}.Debug|Any CPU.ActiveCfg = Debug|Any CPU
		{1765D889-8D49-4102-A8D1-F83675CF6086}.Debug|Any CPU.Build.0 = Debug|Any CPU
		{1765D889-8D49-4102-A8D1-F83675CF6086}.Release|Any CPU.ActiveCfg = Release|Any CPU
		{1765D889-8D49-4102-A8D1-F83675CF6086}.Release|Any CPU.Build.0 = Release|Any CPU
	EndGlobalSection
	GlobalSection(SolutionProperties) = preSolution
		HideSolutionNode = FALSE
	EndGlobalSection
EndGlobal
