
Microsoft Visual Studio Solution File, Format Version 12.00
# Visual Studio 14
VisualStudioVersion = 14.0.25420.1
MinimumVisualStudioVersion = 10.0.40219.1
Project("{FAE04EC0-301F-11D3-BF4B-00C04F79EFBC}") = "ToDoApp", "ToDoApp\ToDoApp.csproj", "{04B0E617-0D19-4490-8371-DF33C149B4D5}"
EndProject
Project("{FAE04EC0-301F-11D3-BF4B-00C04F79EFBC}") = "DataControl", "DataControl\DataControl.csproj", "{CA1D76A9-98EA-4933-9BCE-398DC4BAF33E}"
EndProject
Project("{FAE04EC0-301F-11D3-BF4B-00C04F79EFBC}") = "Models", "Models\Models.csproj", "{EFCE2BD2-B138-479C-86D1-07BB89BEF486}"
EndProject
Project("{FAE04EC0-301F-11D3-BF4B-00C04F79EFBC}") = "Test", "Test\Test.csproj", "{CECF6BC1-3B43-4739-A5E1-680F9CCF19D0}"
EndProject
Global
	GlobalSection(SolutionConfigurationPlatforms) = preSolution
		Debug|Any CPU = Debug|Any CPU
		Release|Any CPU = Release|Any CPU
	EndGlobalSection
	GlobalSection(ProjectConfigurationPlatforms) = postSolution
		{04B0E617-0D19-4490-8371-DF33C149B4D5}.Debug|Any CPU.ActiveCfg = Debug|Any CPU
		{04B0E617-0D19-4490-8371-DF33C149B4D5}.Debug|Any CPU.Build.0 = Debug|Any CPU
		{04B0E617-0D19-4490-8371-DF33C149B4D5}.Release|Any CPU.ActiveCfg = Release|Any CPU
		{04B0E617-0D19-4490-8371-DF33C149B4D5}.Release|Any CPU.Build.0 = Release|Any CPU
		{CA1D76A9-98EA-4933-9BCE-398DC4BAF33E}.Debug|Any CPU.ActiveCfg = Debug|Any CPU
		{CA1D76A9-98EA-4933-9BCE-398DC4BAF33E}.Debug|Any CPU.Build.0 = Debug|Any CPU
		{CA1D76A9-98EA-4933-9BCE-398DC4BAF33E}.Release|Any CPU.ActiveCfg = Release|Any CPU
		{CA1D76A9-98EA-4933-9BCE-398DC4BAF33E}.Release|Any CPU.Build.0 = Release|Any CPU
		{EFCE2BD2-B138-479C-86D1-07BB89BEF486}.Debug|Any CPU.ActiveCfg = Debug|Any CPU
		{EFCE2BD2-B138-479C-86D1-07BB89BEF486}.Debug|Any CPU.Build.0 = Debug|Any CPU
		{EFCE2BD2-B138-479C-86D1-07BB89BEF486}.Release|Any CPU.ActiveCfg = Release|Any CPU
		{EFCE2BD2-B138-479C-86D1-07BB89BEF486}.Release|Any CPU.Build.0 = Release|Any CPU
		{CECF6BC1-3B43-4739-A5E1-680F9CCF19D0}.Debug|Any CPU.ActiveCfg = Debug|Any CPU
		{CECF6BC1-3B43-4739-A5E1-680F9CCF19D0}.Debug|Any CPU.Build.0 = Debug|Any CPU
		{CECF6BC1-3B43-4739-A5E1-680F9CCF19D0}.Release|Any CPU.ActiveCfg = Release|Any CPU
		{CECF6BC1-3B43-4739-A5E1-680F9CCF19D0}.Release|Any CPU.Build.0 = Release|Any CPU
	EndGlobalSection
	GlobalSection(SolutionProperties) = preSolution
		HideSolutionNode = FALSE
	EndGlobalSection
EndGlobal
